// !$*UTF8*$!
{
	archiveVersion = 1;
	classes = {
	};
	objectVersion = 46;
	objects = {

/* Begin PBXBuildFile section */
		3410AE811BB1F245005336C1 /* AppDelegate.swift in Sources */ = {isa = PBXBuildFile; fileRef = 3410AE801BB1F245005336C1 /* AppDelegate.swift */; };
		3410AE831BB1F245005336C1 /* ViewController.swift in Sources */ = {isa = PBXBuildFile; fileRef = 3410AE821BB1F245005336C1 /* ViewController.swift */; };
		3410AE861BB1F245005336C1 /* Main.storyboard in Resources */ = {isa = PBXBuildFile; fileRef = 3410AE841BB1F245005336C1 /* Main.storyboard */; };
		3410AE881BB1F245005336C1 /* Assets.xcassets in Resources */ = {isa = PBXBuildFile; fileRef = 3410AE871BB1F245005336C1 /* Assets.xcassets */; };
		3410AE8B1BB1F245005336C1 /* LaunchScreen.storyboard in Resources */ = {isa = PBXBuildFile; fileRef = 3410AE891BB1F245005336C1 /* LaunchScreen.storyboard */; };
		3410AE961BB1F245005336C1 /* iDeliverMobileTests.swift in Sources */ = {isa = PBXBuildFile; fileRef = 3410AE951BB1F245005336C1 /* iDeliverMobileTests.swift */; };
		3410AEA11BB1F245005336C1 /* iDeliverMobileUITests.swift in Sources */ = {isa = PBXBuildFile; fileRef = 3410AEA01BB1F245005336C1 /* iDeliverMobileUITests.swift */; };
/* End PBXBuildFile section */

/* Begin PBXContainerItemProxy section */
		3410AE921BB1F245005336C1 /* PBXContainerItemProxy */ = {
			isa = PBXContainerItemProxy;
			containerPortal = 3410AE751BB1F245005336C1 /* Project object */;
			proxyType = 1;
			remoteGlobalIDString = 3410AE7C1BB1F245005336C1;
			remoteInfo = iDeliverMobile;
		};
		3410AE9D1BB1F245005336C1 /* PBXContainerItemProxy */ = {
			isa = PBXContainerItemProxy;
			containerPortal = 3410AE751BB1F245005336C1 /* Project object */;
			proxyType = 1;
			remoteGlobalIDString = 3410AE7C1BB1F245005336C1;
			remoteInfo = iDeliverMobile;
		};
/* End PBXContainerItemProxy section */

/* Begin PBXFileReference section */
		3410AE7D1BB1F245005336C1 /* iDeliverMobile.app */ = {isa = PBXFileReference; explicitFileType = wrapper.application; includeInIndex = 0; path = iDeliverMobile.app; sourceTree = BUILT_PRODUCTS_DIR; };
		3410AE801BB1F245005336C1 /* AppDelegate.swift */ = {isa = PBXFileReference; lastKnownFileType = sourcecode.swift; path = AppDelegate.swift; sourceTree = "<group>"; };
		3410AE821BB1F245005336C1 /* ViewController.swift */ = {isa = PBXFileReference; lastKnownFileType = sourcecode.swift; path = ViewController.swift; sourceTree = "<group>"; };
		3410AE851BB1F245005336C1 /* Base */ = {isa = PBXFileReference; lastKnownFileType = file.storyboard; name = Base; path = Base.lproj/Main.storyboard; sourceTree = "<group>"; };
		3410AE871BB1F245005336C1 /* Assets.xcassets */ = {isa = PBXFileReference; lastKnownFileType = folder.assetcatalog; path = Assets.xcassets; sourceTree = "<group>"; };
		3410AE8A1BB1F245005336C1 /* Base */ = {isa = PBXFileReference; lastKnownFileType = file.storyboard; name = Base; path = Base.lproj/LaunchScreen.storyboard; sourceTree = "<group>"; };
		3410AE8C1BB1F245005336C1 /* Info.plist */ = {isa = PBXFileReference; lastKnownFileType = text.plist.xml; path = Info.plist; sourceTree = "<group>"; };
		3410AE911BB1F245005336C1 /* iDeliverMobileTests.xctest */ = {isa = PBXFileReference; explicitFileType = wrapper.cfbundle; includeInIndex = 0; path = iDeliverMobileTests.xctest; sourceTree = BUILT_PRODUCTS_DIR; };
		3410AE951BB1F245005336C1 /* iDeliverMobileTests.swift */ = {isa = PBXFileReference; lastKnownFileType = sourcecode.swift; path = iDeliverMobileTests.swift; sourceTree = "<group>"; };
		3410AE971BB1F245005336C1 /* Info.plist */ = {isa = PBXFileReference; lastKnownFileType = text.plist.xml; path = Info.plist; sourceTree = "<group>"; };
		3410AE9C1BB1F245005336C1 /* iDeliverMobileUITests.xctest */ = {isa = PBXFileReference; explicitFileType = wrapper.cfbundle; includeInIndex = 0; path = iDeliverMobileUITests.xctest; sourceTree = BUILT_PRODUCTS_DIR; };
		3410AEA01BB1F245005336C1 /* iDeliverMobileUITests.swift */ = {isa = PBXFileReference; lastKnownFileType = sourcecode.swift; path = iDeliverMobileUITests.swift; sourceTree = "<group>"; };
		3410AEA21BB1F245005336C1 /* Info.plist */ = {isa = PBXFileReference; lastKnownFileType = text.plist.xml; path = Info.plist; sourceTree = "<group>"; };
/* End PBXFileReference section */

/* Begin PBXFrameworksBuildPhase section */
		3410AE7A1BB1F245005336C1 /* Frameworks */ = {
			isa = PBXFrameworksBuildPhase;
			buildActionMask = 2147483647;
			files = (
			);
			runOnlyForDeploymentPostprocessing = 0;
		};
		3410AE8E1BB1F245005336C1 /* Frameworks */ = {
			isa = PBXFrameworksBuildPhase;
			buildActionMask = 2147483647;
			files = (
			);
			runOnlyForDeploymentPostprocessing = 0;
		};
		3410AE991BB1F245005336C1 /* Frameworks */ = {
			isa = PBXFrameworksBuildPhase;
			buildActionMask = 2147483647;
			files = (
			);
			runOnlyForDeploymentPostprocessing = 0;
		};
/* End PBXFrameworksBuildPhase section */

/* Begin PBXGroup section */
		3410AE741BB1F245005336C1 = {
			isa = PBXGroup;
			children = (
				3410AE7F1BB1F245005336C1 /* iDeliverMobile */,
				3410AE941BB1F245005336C1 /* iDeliverMobileTests */,
				3410AE9F1BB1F245005336C1 /* iDeliverMobileUITests */,
				3410AE7E1BB1F245005336C1 /* Products */,
			);
			sourceTree = "<group>";
		};
		3410AE7E1BB1F245005336C1 /* Products */ = {
			isa = PBXGroup;
			children = (
				3410AE7D1BB1F245005336C1 /* iDeliverMobile.app */,
				3410AE911BB1F245005336C1 /* iDeliverMobileTests.xctest */,
				3410AE9C1BB1F245005336C1 /* iDeliverMobileUITests.xctest */,
			);
			name = Products;
			sourceTree = "<group>";
		};
		3410AE7F1BB1F245005336C1 /* iDeliverMobile */ = {
			isa = PBXGroup;
			children = (
				3410AE801BB1F245005336C1 /* AppDelegate.swift */,
				3410AE821BB1F245005336C1 /* ViewController.swift */,
				3410AE841BB1F245005336C1 /* Main.storyboard */,
				3410AE871BB1F245005336C1 /* Assets.xcassets */,
				3410AE891BB1F245005336C1 /* LaunchScreen.storyboard */,
				3410AE8C1BB1F245005336C1 /* Info.plist */,
			);
			path = iDeliverMobile;
			sourceTree = "<group>";
		};
		3410AE941BB1F245005336C1 /* iDeliverMobileTests */ = {
			isa = PBXGroup;
			children = (
				3410AE951BB1F245005336C1 /* iDeliverMobileTests.swift */,
				3410AE971BB1F245005336C1 /* Info.plist */,
			);
			path = iDeliverMobileTests;
			sourceTree = "<group>";
		};
		3410AE9F1BB1F245005336C1 /* iDeliverMobileUITests */ = {
			isa = PBXGroup;
			children = (
				3410AEA01BB1F245005336C1 /* iDeliverMobileUITests.swift */,
				3410AEA21BB1F245005336C1 /* Info.plist */,
			);
			path = iDeliverMobileUITests;
			sourceTree = "<group>";
		};
/* End PBXGroup section */

/* Begin PBXNativeTarget section */
		3410AE7C1BB1F245005336C1 /* iDeliverMobile */ = {
			isa = PBXNativeTarget;
			buildConfigurationList = 3410AEA51BB1F245005336C1 /* Build configuration list for PBXNativeTarget "iDeliverMobile" */;
			buildPhases = (
				3410AE791BB1F245005336C1 /* Sources */,
				3410AE7A1BB1F245005336C1 /* Frameworks */,
				3410AE7B1BB1F245005336C1 /* Resources */,
			);
			buildRules = (
			);
			dependencies = (
			);
			name = iDeliverMobile;
			productName = iDeliverMobile;
			productReference = 3410AE7D1BB1F245005336C1 /* iDeliverMobile.app */;
			productType = "com.apple.product-type.application";
		};
		3410AE901BB1F245005336C1 /* iDeliverMobileTests */ = {
			isa = PBXNativeTarget;
			buildConfigurationList = 3410AEA81BB1F245005336C1 /* Build configuration list for PBXNativeTarget "iDeliverMobileTests" */;
			buildPhases = (
				3410AE8D1BB1F245005336C1 /* Sources */,
				3410AE8E1BB1F245005336C1 /* Frameworks */,
				3410AE8F1BB1F245005336C1 /* Resources */,
			);
			buildRules = (
			);
			dependencies = (
				3410AE931BB1F245005336C1 /* PBXTargetDependency */,
			);
			name = iDeliverMobileTests;
			productName = iDeliverMobileTests;
			productReference = 3410AE911BB1F245005336C1 /* iDeliverMobileTests.xctest */;
			productType = "com.apple.product-type.bundle.unit-test";
		};
		3410AE9B1BB1F245005336C1 /* iDeliverMobileUITests */ = {
			isa = PBXNativeTarget;
			buildConfigurationList = 3410AEAB1BB1F245005336C1 /* Build configuration list for PBXNativeTarget "iDeliverMobileUITests" */;
			buildPhases = (
				3410AE981BB1F245005336C1 /* Sources */,
				3410AE991BB1F245005336C1 /* Frameworks */,
				3410AE9A1BB1F245005336C1 /* Resources */,
			);
			buildRules = (
			);
			dependencies = (
				3410AE9E1BB1F245005336C1 /* PBXTargetDependency */,
			);
			name = iDeliverMobileUITests;
			productName = iDeliverMobileUITests;
			productReference = 3410AE9C1BB1F245005336C1 /* iDeliverMobileUITests.xctest */;
			productType = "com.apple.product-type.bundle.ui-testing";
		};
/* End PBXNativeTarget section */

/* Begin PBXProject section */
		3410AE751BB1F245005336C1 /* Project object */ = {
			isa = PBXProject;
			attributes = {
				LastUpgradeCheck = 0700;
				ORGANIZATIONNAME = "Oak Leaf Enterprises, Inc.";
				TargetAttributes = {
					3410AE7C1BB1F245005336C1 = {
						CreatedOnToolsVersion = 7.0;
					};
					3410AE901BB1F245005336C1 = {
						CreatedOnToolsVersion = 7.0;
						TestTargetID = 3410AE7C1BB1F245005336C1;
					};
					3410AE9B1BB1F245005336C1 = {
						CreatedOnToolsVersion = 7.0;
						TestTargetID = 3410AE7C1BB1F245005336C1;
					};
				};
			};
			buildConfigurationList = 3410AE781BB1F245005336C1 /* Build configuration list for PBXProject "iDeliverMobile" */;
			compatibilityVersion = "Xcode 3.2";
			developmentRegion = English;
			hasScannedForEncodings = 0;
			knownRegions = (
				en,
				Base,
			);
			mainGroup = 3410AE741BB1F245005336C1;
			productRefGroup = 3410AE7E1BB1F245005336C1 /* Products */;
			projectDirPath = "";
			projectRoot = "";
			targets = (
				3410AE7C1BB1F245005336C1 /* iDeliverMobile */,
				3410AE901BB1F245005336C1 /* iDeliverMobileTests */,
				3410AE9B1BB1F245005336C1 /* iDeliverMobileUITests */,
			);
		};
/* End PBXProject section */

/* Begin PBXResourcesBuildPhase section */
		3410AE7B1BB1F245005336C1 /* Resources */ = {
			isa = PBXResourcesBuildPhase;
			buildActionMask = 2147483647;
			files = (
				3410AE8B1BB1F245005336C1 /* LaunchScreen.storyboard in Resources */,
				3410AE881BB1F245005336C1 /* Assets.xcassets in Resources */,
				3410AE861BB1F245005336C1 /* Main.storyboard in Resources */,
			);
			runOnlyForDeploymentPostprocessing = 0;
		};
		3410AE8F1BB1F245005336C1 /* Resources */ = {
			isa = PBXResourcesBuildPhase;
			buildActionMask = 2147483647;
			files = (
			);
			runOnlyForDeploymentPostprocessing = 0;
		};
		3410AE9A1BB1F245005336C1 /* Resources */ = {
			isa = PBXResourcesBuildPhase;
			buildActionMask = 2147483647;
			files = (
			);
			runOnlyForDeploymentPostprocessing = 0;
		};
/* End PBXResourcesBuildPhase section */

/* Begin PBXSourcesBuildPhase section */
		3410AE791BB1F245005336C1 /* Sources */ = {
			isa = PBXSourcesBuildPhase;
			buildActionMask = 2147483647;
			files = (
				3410AE831BB1F245005336C1 /* ViewController.swift in Sources */,
				3410AE811BB1F245005336C1 /* AppDelegate.swift in Sources */,
			);
			runOnlyForDeploymentPostprocessing = 0;
		};
		3410AE8D1BB1F245005336C1 /* Sources */ = {
			isa = PBXSourcesBuildPhase;
			buildActionMask = 2147483647;
			files = (
				3410AE961BB1F245005336C1 /* iDeliverMobileTests.swift in Sources */,
			);
			runOnlyForDeploymentPostprocessing = 0;
		};
		3410AE981BB1F245005336C1 /* Sources */ = {
			isa = PBXSourcesBuildPhase;
			buildActionMask = 2147483647;
			files = (
				3410AEA11BB1F245005336C1 /* iDeliverMobileUITests.swift in Sources */,
			);
			runOnlyForDeploymentPostprocessing = 0;
		};
/* End PBXSourcesBuildPhase section */

/* Begin PBXTargetDependency section */
		3410AE931BB1F245005336C1 /* PBXTargetDependency */ = {
			isa = PBXTargetDependency;
			target = 3410AE7C1BB1F245005336C1 /* iDeliverMobile */;
			targetProxy = 3410AE921BB1F245005336C1 /* PBXContainerItemProxy */;
		};
		3410AE9E1BB1F245005336C1 /* PBXTargetDependency */ = {
			isa = PBXTargetDependency;
			target = 3410AE7C1BB1F245005336C1 /* iDeliverMobile */;
			targetProxy = 3410AE9D1BB1F245005336C1 /* PBXContainerItemProxy */;
		};
/* End PBXTargetDependency section */

/* Begin PBXVariantGroup section */
		3410AE841BB1F245005336C1 /* Main.storyboard */ = {
			isa = PBXVariantGroup;
			children = (
				3410AE851BB1F245005336C1 /* Base */,
			);
			name = Main.storyboard;
			sourceTree = "<group>";
		};
		3410AE891BB1F245005336C1 /* LaunchScreen.storyboard */ = {
			isa = PBXVariantGroup;
			children = (
				3410AE8A1BB1F245005336C1 /* Base */,
			);
			name = LaunchScreen.storyboard;
			sourceTree = "<group>";
		};
/* End PBXVariantGroup section */

/* Begin XCBuildConfiguration section */
		3410AEA31BB1F245005336C1 /* Debug */ = {
			isa = XCBuildConfiguration;
			buildSettings = {
				ALWAYS_SEARCH_USER_PATHS = NO;
				CLANG_CXX_LANGUAGE_STANDARD = "gnu++0x";
				CLANG_CXX_LIBRARY = "libc++";
				CLANG_ENABLE_MODULES = YES;
				CLANG_ENABLE_OBJC_ARC = YES;
				CLANG_WARN_BOOL_CONVERSION = YES;
				CLANG_WARN_CONSTANT_CONVERSION = YES;
				CLANG_WARN_DIRECT_OBJC_ISA_USAGE = YES_ERROR;
				CLANG_WARN_EMPTY_BODY = YES;
				CLANG_WARN_ENUM_CONVERSION = YES;
				CLANG_WARN_INT_CONVERSION = YES;
				CLANG_WARN_OBJC_ROOT_CLASS = YES_ERROR;
				CLANG_WARN_UNREACHABLE_CODE = YES;
				CLANG_WARN__DUPLICATE_METHOD_MATCH = YES;
				"CODE_SIGN_IDENTITY[sdk=iphoneos*]" = "iPhone Developer";
				COPY_PHASE_STRIP = NO;
				DEBUG_INFORMATION_FORMAT = dwarf;
				ENABLE_STRICT_OBJC_MSGSEND = YES;
				ENABLE_TESTABILITY = YES;
				GCC_C_LANGUAGE_STANDARD = gnu99;
				GCC_DYNAMIC_NO_PIC = NO;
				GCC_NO_COMMON_BLOCKS = YES;
				GCC_OPTIMIZATION_LEVEL = 0;
				GCC_PREPROCESSOR_DEFINITIONS = (
					"DEBUG=1",
					"$(inherited)",
				);
				GCC_WARN_64_TO_32_BIT_CONVERSION = YES;
				GCC_WARN_ABOUT_RETURN_TYPE = YES_ERROR;
				GCC_WARN_UNDECLARED_SELECTOR = YES;
				GCC_WARN_UNINITIALIZED_AUTOS = YES_AGGRESSIVE;
				GCC_WARN_UNUSED_FUNCTION = YES;
				GCC_WARN_UNUSED_VARIABLE = YES;
				IPHONEOS_DEPLOYMENT_TARGET = 9.0;
				MTL_ENABLE_DEBUG_INFO = YES;
				ONLY_ACTIVE_ARCH = YES;
				SDKROOT = iphoneos;
				SWIFT_OPTIMIZATION_LEVEL = "-Onone";
			};
			name = Debug;
		};
		3410AEA41BB1F245005336C1 /* Release */ = {
			isa = XCBuildConfiguration;
			buildSettings = {
				ALWAYS_SEARCH_USER_PATHS = NO;
				CLANG_CXX_LANGUAGE_STANDARD = "gnu++0x";
				CLANG_CXX_LIBRARY = "libc++";
				CLANG_ENABLE_MODULES = YES;
				CLANG_ENABLE_OBJC_ARC = YES;
				CLANG_WARN_BOOL_CONVERSION = YES;
				CLANG_WARN_CONSTANT_CONVERSION = YES;
				CLANG_WARN_DIRECT_OBJC_ISA_USAGE = YES_ERROR;
				CLANG_WARN_EMPTY_BODY = YES;
				CLANG_WARN_ENUM_CONVERSION = YES;
				CLANG_WARN_INT_CONVERSION = YES;
				CLANG_WARN_OBJC_ROOT_CLASS = YES_ERROR;
				CLANG_WARN_UNREACHABLE_CODE = YES;
				CLANG_WARN__DUPLICATE_METHOD_MATCH = YES;
				"CODE_SIGN_IDENTITY[sdk=iphoneos*]" = "iPhone Developer";
				COPY_PHASE_STRIP = NO;
				DEBUG_INFORMATION_FORMAT = "dwarf-with-dsym";
				ENABLE_NS_ASSERTIONS = NO;
				ENABLE_STRICT_OBJC_MSGSEND = YES;
				GCC_C_LANGUAGE_STANDARD = gnu99;
				GCC_NO_COMMON_BLOCKS = YES;
				GCC_WARN_64_TO_32_BIT_CONVERSION = YES;
				GCC_WARN_ABOUT_RETURN_TYPE = YES_ERROR;
				GCC_WARN_UNDECLARED_SELECTOR = YES;
				GCC_WARN_UNINITIALIZED_AUTOS = YES_AGGRESSIVE;
				GCC_WARN_UNUSED_FUNCTION = YES;
				GCC_WARN_UNUSED_VARIABLE = YES;
				IPHONEOS_DEPLOYMENT_TARGET = 9.0;
				MTL_ENABLE_DEBUG_INFO = NO;
				SDKROOT = iphoneos;
				VALIDATE_PRODUCT = YES;
			};
			name = Release;
		};
		3410AEA61BB1F245005336C1 /* Debug */ = {
			isa = XCBuildConfiguration;
			buildSettings = {
				ASSETCATALOG_COMPILER_APPICON_NAME = AppIcon;
				INFOPLIST_FILE = iDeliverMobile/Info.plist;
				LD_RUNPATH_SEARCH_PATHS = "$(inherited) @executable_path/Frameworks";
				PRODUCT_BUNDLE_IDENTIFIER = com.oakleafsd.iDeliverMobile;
				PRODUCT_NAME = "$(TARGET_NAME)";
			};
			name = Debug;
		};
		3410AEA71BB1F245005336C1 /* Release */ = {
			isa = XCBuildConfiguration;
			buildSettings = {
				ASSETCATALOG_COMPILER_APPICON_NAME = AppIcon;
				INFOPLIST_FILE = iDeliverMobile/Info.plist;
				LD_RUNPATH_SEARCH_PATHS = "$(inherited) @executable_path/Frameworks";
				PRODUCT_BUNDLE_IDENTIFIER = com.oakleafsd.iDeliverMobile;
				PRODUCT_NAME = "$(TARGET_NAME)";
			};
			name = Release;
		};
		3410AEA91BB1F245005336C1 /* Debug */ = {
			isa = XCBuildConfiguration;
			buildSettings = {
				BUNDLE_LOADER = "$(TEST_HOST)";
				INFOPLIST_FILE = iDeliverMobileTests/Info.plist;
				LD_RUNPATH_SEARCH_PATHS = "$(inherited) @executable_path/Frameworks @loader_path/Frameworks";
				PRODUCT_BUNDLE_IDENTIFIER = com.oakleafsd.iDeliverMobileTests;
				PRODUCT_NAME = "$(TARGET_NAME)";
				TEST_HOST = "$(BUILT_PRODUCTS_DIR)/iDeliverMobile.app/iDeliverMobile";
			};
			name = Debug;
		};
		3410AEAA1BB1F245005336C1 /* Release */ = {
			isa = XCBuildConfiguration;
			buildSettings = {
				BUNDLE_LOADER = "$(TEST_HOST)";
				INFOPLIST_FILE = iDeliverMobileTests/Info.plist;
				LD_RUNPATH_SEARCH_PATHS = "$(inherited) @executable_path/Frameworks @loader_path/Frameworks";
				PRODUCT_BUNDLE_IDENTIFIER = com.oakleafsd.iDeliverMobileTests;
				PRODUCT_NAME = "$(TARGET_NAME)";
				TEST_HOST = "$(BUILT_PRODUCTS_DIR)/iDeliverMobile.app/iDeliverMobile";
			};
			name = Release;
		};
		3410AEAC1BB1F245005336C1 /* Debug */ = {
			isa = XCBuildConfiguration;
			buildSettings = {
				INFOPLIST_FILE = iDeliverMobileUITests/Info.plist;
				LD_RUNPATH_SEARCH_PATHS = "$(inherited) @executable_path/Frameworks @loader_path/Frameworks";
				PRODUCT_BUNDLE_IDENTIFIER = com.oakleafsd.iDeliverMobileUITests;
				PRODUCT_NAME = "$(TARGET_NAME)";
				TEST_TARGET_NAME = iDeliverMobile;
				USES_XCTRUNNER = YES;
			};
			name = Debug;
		};
		3410AEAD1BB1F245005336C1 /* Release */ = {
			isa = XCBuildConfiguration;
			buildSettings = {
				INFOPLIST_FILE = iDeliverMobileUITests/Info.plist;
				LD_RUNPATH_SEARCH_PATHS = "$(inherited) @executable_path/Frameworks @loader_path/Frameworks";
				PRODUCT_BUNDLE_IDENTIFIER = com.oakleafsd.iDeliverMobileUITests;
				PRODUCT_NAME = "$(TARGET_NAME)";
				TEST_TARGET_NAME = iDeliverMobile;
				USES_XCTRUNNER = YES;
			};
			name = Release;
		};
/* End XCBuildConfiguration section */

/* Begin XCConfigurationList section */
		3410AE781BB1F245005336C1 /* Build configuration list for PBXProject "iDeliverMobile" */ = {
			isa = XCConfigurationList;
			buildConfigurations = (
				3410AEA31BB1F245005336C1 /* Debug */,
				3410AEA41BB1F245005336C1 /* Release */,
			);
			defaultConfigurationIsVisible = 0;
			defaultConfigurationName = Release;
		};
		3410AEA51BB1F245005336C1 /* Build configuration list for PBXNativeTarget "iDeliverMobile" */ = {
			isa = XCConfigurationList;
			buildConfigurations = (
				3410AEA61BB1F245005336C1 /* Debug */,
				3410AEA71BB1F245005336C1 /* Release */,
			);
			defaultConfigurationIsVisible = 0;
		};
		3410AEA81BB1F245005336C1 /* Build configuration list for PBXNativeTarget "iDeliverMobileTests" */ = {
			isa = XCConfigurationList;
			buildConfigurations = (
				3410AEA91BB1F245005336C1 /* Debug */,
				3410AEAA1BB1F245005336C1 /* Release */,
			);
			defaultConfigurationIsVisible = 0;
		};
		3410AEAB1BB1F245005336C1 /* Build configuration list for PBXNativeTarget "iDeliverMobileUITests" */ = {
			isa = XCConfigurationList;
			buildConfigurations = (
				3410AEAC1BB1F245005336C1 /* Debug */,
				3410AEAD1BB1F245005336C1 /* Release */,
			);
			defaultConfigurationIsVisible = 0;
		};
/* End XCConfigurationList section */
	};
	rootObject = 3410AE751BB1F245005336C1 /* Project object */;
}
